# This file was autogenerated by Stack.
# You should not edit this file by hand.
# For more information, please see the documentation at:
#   https://docs.haskellstack.org/en/stable/lock_files

packages:
- completed:
    hackage: hspec-wai-json-0.10.1@sha256:67b405c38f0a9e2771480c8d3ecd8aeb8d8776a35d3b2906cb1b76c9538617e4,1629
    pantry-tree:
      size: 349
      sha256: fb9e89b79cde3276baa484c860c6b9eeebdbc1a5c43301293351a25bc4c08e87
  original:
    hackage: hspec-wai-json-0.10.1
- completed:
    hackage: ghc-prim-0.5.3@sha256:2284e90b0d56dfd389588b5c927e7f22c17f1d6c2291464cb0cc3f9651b0ba23,2319
    pantry-tree:
      size: 1243
      sha256: 0cfcb729cad4238cabfa57c5b68ae66475415237cd08c25b9fc804dd10bb8bc0
  original:
    hackage: ghc-prim-0.5.3
snapshots:
- completed:
    size: 531718
    url: https://raw.githubusercontent.com/commercialhaskell/stackage-snapshots/master/lts/16/6.yaml
    sha256: 230a7266fc11f76222bd3bb68e9503ed11d553060a752f164bff6753ed03e271
  original: lts-16.6
